// !$*UTF8*$!
{
	archiveVersion = 1;
	classes = {
	};
	objectVersion = 56;
	objects = {

/* Begin PBXBuildFile section */
		5E1DAF642B5BF0A9002A7638 /* Cardify.swift in Sources */ = {isa = PBXBuildFile; fileRef = 5E1DAF632B5BF0A9002A7638 /* Cardify.swift */; };
		5E4222CC2B0E62DE0007038E /* AspectVGrid.swift in Sources */ = {isa = PBXBuildFile; fileRef = 5E4222CB2B0E62DE0007038E /* AspectVGrid.swift */; };
		5E61771C2B0C3071009DC9D5 /* MemoryGame.swift in Sources */ = {isa = PBXBuildFile; fileRef = 5E61771B2B0C3071009DC9D5 /* MemoryGame.swift */; };
		5E7E9E4D2AE07A26005CB463 /* Memorize_Stanford_CS193p_2023App.swift in Sources */ = {isa = PBXBuildFile; fileRef = 5E7E9E4C2AE07A26005CB463 /* Memorize_Stanford_CS193p_2023App.swift */; };
		5E7E9E4F2AE07A26005CB463 /* EmojiMemoryGameView.swift in Sources */ = {isa = PBXBuildFile; fileRef = 5E7E9E4E2AE07A26005CB463 /* EmojiMemoryGameView.swift */; };
		5E7E9E512AE07A27005CB463 /* Assets.xcassets in Resources */ = {isa = PBXBuildFile; fileRef = 5E7E9E502AE07A27005CB463 /* Assets.xcassets */; };
		5E7E9E542AE07A27005CB463 /* Preview Assets.xcassets in Resources */ = {isa = PBXBuildFile; fileRef = 5E7E9E532AE07A27005CB463 /* Preview Assets.xcassets */; };
		5E99B0972AF657FD00D8E8F1 /* EmojiMemoryGame.swift in Sources */ = {isa = PBXBuildFile; fileRef = 5E99B0962AF657FD00D8E8F1 /* EmojiMemoryGame.swift */; };
		5EE394C42B5A8D310031876D /* Pie.swift in Sources */ = {isa = PBXBuildFile; fileRef = 5EE394C32B5A8D310031876D /* Pie.swift */; };
		5EF037292B59041C00AAC027 /* CardView.swift in Sources */ = {isa = PBXBuildFile; fileRef = 5EF037282B59041C00AAC027 /* CardView.swift */; };
/* End PBXBuildFile section */

/* Begin PBXFileReference section */
		5E1DAF632B5BF0A9002A7638 /* Cardify.swift */ = {isa = PBXFileReference; lastKnownFileType = sourcecode.swift; path = Cardify.swift; sourceTree = "<group>"; };
		5E4222CB2B0E62DE0007038E /* AspectVGrid.swift */ = {isa = PBXFileReference; lastKnownFileType = sourcecode.swift; path = AspectVGrid.swift; sourceTree = "<group>"; };
		5E61771B2B0C3071009DC9D5 /* MemoryGame.swift */ = {isa = PBXFileReference; lastKnownFileType = sourcecode.swift; path = MemoryGame.swift; sourceTree = "<group>"; };
		5E7E9E492AE07A26005CB463 /* Memorize-Stanford-CS193p-2023.app */ = {isa = PBXFileReference; explicitFileType = wrapper.application; includeInIndex = 0; path = "Memorize-Stanford-CS193p-2023.app"; sourceTree = BUILT_PRODUCTS_DIR; };
		5E7E9E4C2AE07A26005CB463 /* Memorize_Stanford_CS193p_2023App.swift */ = {isa = PBXFileReference; lastKnownFileType = sourcecode.swift; path = Memorize_Stanford_CS193p_2023App.swift; sourceTree = "<group>"; };
		5E7E9E4E2AE07A26005CB463 /* EmojiMemoryGameView.swift */ = {isa = PBXFileReference; lastKnownFileType = sourcecode.swift; path = EmojiMemoryGameView.swift; sourceTree = "<group>"; };
		5E7E9E502AE07A27005CB463 /* Assets.xcassets */ = {isa = PBXFileReference; lastKnownFileType = folder.assetcatalog; path = Assets.xcassets; sourceTree = "<group>"; };
		5E7E9E532AE07A27005CB463 /* Preview Assets.xcassets */ = {isa = PBXFileReference; lastKnownFileType = folder.assetcatalog; path = "Preview Assets.xcassets"; sourceTree = "<group>"; };
		5E99B0962AF657FD00D8E8F1 /* EmojiMemoryGame.swift */ = {isa = PBXFileReference; lastKnownFileType = sourcecode.swift; path = EmojiMemoryGame.swift; sourceTree = "<group>"; };
		5EE394C32B5A8D310031876D /* Pie.swift */ = {isa = PBXFileReference; lastKnownFileType = sourcecode.swift; path = Pie.swift; sourceTree = "<group>"; };
		5EF037282B59041C00AAC027 /* CardView.swift */ = {isa = PBXFileReference; lastKnownFileType = sourcecode.swift; path = CardView.swift; sourceTree = "<group>"; };
/* End PBXFileReference section */

/* Begin PBXFrameworksBuildPhase section */
		5E7E9E462AE07A26005CB463 /* Frameworks */ = {
			isa = PBXFrameworksBuildPhase;
			buildActionMask = 2147483647;
			files = (
			);
			runOnlyForDeploymentPostprocessing = 0;
		};
/* End PBXFrameworksBuildPhase section */

/* Begin PBXGroup section */
		5E7E9E402AE07A26005CB463 = {
			isa = PBXGroup;
			children = (
				5E7E9E4B2AE07A26005CB463 /* Memorize-Stanford-CS193p-2023 */,
				5E7E9E4A2AE07A26005CB463 /* Products */,
			);
			sourceTree = "<group>";
		};
		5E7E9E4A2AE07A26005CB463 /* Products */ = {
			isa = PBXGroup;
			children = (
				5E7E9E492AE07A26005CB463 /* Memorize-Stanford-CS193p-2023.app */,
			);
			name = Products;
			sourceTree = "<group>";
		};
		5E7E9E4B2AE07A26005CB463 /* Memorize-Stanford-CS193p-2023 */ = {
			isa = PBXGroup;
			children = (
				5E61771B2B0C3071009DC9D5 /* MemoryGame.swift */,
				5E99B0962AF657FD00D8E8F1 /* EmojiMemoryGame.swift */,
				5E7E9E4C2AE07A26005CB463 /* Memorize_Stanford_CS193p_2023App.swift */,
				5E7E9E4E2AE07A26005CB463 /* EmojiMemoryGameView.swift */,
				5E4222CB2B0E62DE0007038E /* AspectVGrid.swift */,
				5EF037282B59041C00AAC027 /* CardView.swift */,
				5EE394C32B5A8D310031876D /* Pie.swift */,
				5E1DAF632B5BF0A9002A7638 /* Cardify.swift */,
				5E7E9E502AE07A27005CB463 /* Assets.xcassets */,
				5E7E9E522AE07A27005CB463 /* Preview Content */,
			);
			path = "Memorize-Stanford-CS193p-2023";
			sourceTree = "<group>";
		};
		5E7E9E522AE07A27005CB463 /* Preview Content */ = {
			isa = PBXGroup;
			children = (
				5E7E9E532AE07A27005CB463 /* Preview Assets.xcassets */,
			);
			path = "Preview Content";
			sourceTree = "<group>";
		};
/* End PBXGroup section */

/* Begin PBXNativeTarget section */
		5E7E9E482AE07A26005CB463 /* Memorize-Stanford-CS193p-2023 */ = {
			isa = PBXNativeTarget;
			buildConfigurationList = 5E7E9E572AE07A27005CB463 /* Build configuration list for PBXNativeTarget "Memorize-Stanford-CS193p-2023" */;
			buildPhases = (
				5E7E9E452AE07A26005CB463 /* Sources */,
				5E7E9E462AE07A26005CB463 /* Frameworks */,
				5E7E9E472AE07A26005CB463 /* Resources */,
			);
			buildRules = (
			);
			dependencies = (
			);
			name = "Memorize-Stanford-CS193p-2023";
			productName = "Memorize-Stanford-CS193p-2023";
			productReference = 5E7E9E492AE07A26005CB463 /* Memorize-Stanford-CS193p-2023.app */;
			productType = "com.apple.product-type.application";
		};
/* End PBXNativeTarget section */

/* Begin PBXProject section */
		5E7E9E412AE07A26005CB463 /* Project object */ = {
			isa = PBXProject;
			attributes = {
				BuildIndependentTargetsInParallel = 1;
				LastSwiftUpdateCheck = 1500;
				LastUpgradeCheck = 1500;
				TargetAttributes = {
					5E7E9E482AE07A26005CB463 = {
						CreatedOnToolsVersion = 15.0;
					};
				};
			};
			buildConfigurationList = 5E7E9E442AE07A26005CB463 /* Build configuration list for PBXProject "Memorize-Stanford-CS193p-2023" */;
			compatibilityVersion = "Xcode 14.0";
			developmentRegion = en;
			hasScannedForEncodings = 0;
			knownRegions = (
				en,
				Base,
			);
			mainGroup = 5E7E9E402AE07A26005CB463;
			productRefGroup = 5E7E9E4A2AE07A26005CB463 /* Products */;
			projectDirPath = "";
			projectRoot = "";
			targets = (
				5E7E9E482AE07A26005CB463 /* Memorize-Stanford-CS193p-2023 */,
			);
		};
/* End PBXProject section */

/* Begin PBXResourcesBuildPhase section */
		5E7E9E472AE07A26005CB463 /* Resources */ = {
			isa = PBXResourcesBuildPhase;
			buildActionMask = 2147483647;
			files = (
				5E7E9E542AE07A27005CB463 /* Preview Assets.xcassets in Resources */,
				5E7E9E512AE07A27005CB463 /* Assets.xcassets in Resources */,
			);
			runOnlyForDeploymentPostprocessing = 0;
		};
/* End PBXResourcesBuildPhase section */

/* Begin PBXSourcesBuildPhase section */
		5E7E9E452AE07A26005CB463 /* Sources */ = {
			isa = PBXSourcesBuildPhase;
			buildActionMask = 2147483647;
			files = (
				5E7E9E4F2AE07A26005CB463 /* EmojiMemoryGameView.swift in Sources */,
				5E7E9E4D2AE07A26005CB463 /* Memorize_Stanford_CS193p_2023App.swift in Sources */,
				5E1DAF642B5BF0A9002A7638 /* Cardify.swift in Sources */,
				5E61771C2B0C3071009DC9D5 /* MemoryGame.swift in Sources */,
				5E4222CC2B0E62DE0007038E /* AspectVGrid.swift in Sources */,
				5EE394C42B5A8D310031876D /* Pie.swift in Sources */,
				5EF037292B59041C00AAC027 /* CardView.swift in Sources */,
				5E99B0972AF657FD00D8E8F1 /* EmojiMemoryGame.swift in Sources */,
			);
			runOnlyForDeploymentPostprocessing = 0;
		};
/* End PBXSourcesBuildPhase section */

/* Begin XCBuildConfiguration section */
		5E7E9E552AE07A27005CB463 /* Debug */ = {
			isa = XCBuildConfiguration;
			buildSettings = {
				ALWAYS_SEARCH_USER_PATHS = NO;
				ASSETCATALOG_COMPILER_GENERATE_SWIFT_ASSET_SYMBOL_EXTENSIONS = YES;
				CLANG_ANALYZER_NONNULL = YES;
				CLANG_ANALYZER_NUMBER_OBJECT_CONVERSION = YES_AGGRESSIVE;
				CLANG_CXX_LANGUAGE_STANDARD = "gnu++20";
				CLANG_ENABLE_MODULES = YES;
				CLANG_ENABLE_OBJC_ARC = YES;
				CLANG_ENABLE_OBJC_WEAK = YES;
				CLANG_WARN_BLOCK_CAPTURE_AUTORELEASING = YES;
				CLANG_WARN_BOOL_CONVERSION = YES;
				CLANG_WARN_COMMA = YES;
				CLANG_WARN_CONSTANT_CONVERSION = YES;
				CLANG_WARN_DEPRECATED_OBJC_IMPLEMENTATIONS = YES;
				CLANG_WARN_DIRECT_OBJC_ISA_USAGE = YES_ERROR;
				CLANG_WARN_DOCUMENTATION_COMMENTS = YES;
				CLANG_WARN_EMPTY_BODY = YES;
				CLANG_WARN_ENUM_CONVERSION = YES;
				CLANG_WARN_INFINITE_RECURSION = YES;
				CLANG_WARN_INT_CONVERSION = YES;
				CLANG_WARN_NON_LITERAL_NULL_CONVERSION = YES;
				CLANG_WARN_OBJC_IMPLICIT_RETAIN_SELF = YES;
				CLANG_WARN_OBJC_LITERAL_CONVERSION = YES;
				CLANG_WARN_OBJC_ROOT_CLASS = YES_ERROR;
				CLANG_WARN_QUOTED_INCLUDE_IN_FRAMEWORK_HEADER = YES;
				CLANG_WARN_RANGE_LOOP_ANALYSIS = YES;
				CLANG_WARN_STRICT_PROTOTYPES = YES;
				CLANG_WARN_SUSPICIOUS_MOVE = YES;
				CLANG_WARN_UNGUARDED_AVAILABILITY = YES_AGGRESSIVE;
				CLANG_WARN_UNREACHABLE_CODE = YES;
				CLANG_WARN__DUPLICATE_METHOD_MATCH = YES;
				COPY_PHASE_STRIP = NO;
				DEBUG_INFORMATION_FORMAT = dwarf;
				ENABLE_STRICT_OBJC_MSGSEND = YES;
				ENABLE_TESTABILITY = YES;
				ENABLE_USER_SCRIPT_SANDBOXING = YES;
				GCC_C_LANGUAGE_STANDARD = gnu17;
				GCC_DYNAMIC_NO_PIC = NO;
				GCC_NO_COMMON_BLOCKS = YES;
				GCC_OPTIMIZATION_LEVEL = 0;
				GCC_PREPROCESSOR_DEFINITIONS = (
					"DEBUG=1",
					"$(inherited)",
				);
				GCC_WARN_64_TO_32_BIT_CONVERSION = YES;
				GCC_WARN_ABOUT_RETURN_TYPE = YES_ERROR;
				GCC_WARN_UNDECLARED_SELECTOR = YES;
				GCC_WARN_UNINITIALIZED_AUTOS = YES_AGGRESSIVE;
				GCC_WARN_UNUSED_FUNCTION = YES;
				GCC_WARN_UNUSED_VARIABLE = YES;
				IPHONEOS_DEPLOYMENT_TARGET = 17.0;
				LOCALIZATION_PREFERS_STRING_CATALOGS = YES;
				MTL_ENABLE_DEBUG_INFO = INCLUDE_SOURCE;
				MTL_FAST_MATH = YES;
				ONLY_ACTIVE_ARCH = YES;
				SDKROOT = iphoneos;
				SWIFT_ACTIVE_COMPILATION_CONDITIONS = "DEBUG $(inherited)";
				SWIFT_OPTIMIZATION_LEVEL = "-Onone";
			};
			name = Debug;
		};
		5E7E9E562AE07A27005CB463 /* Release */ = {
			isa = XCBuildConfiguration;
			buildSettings = {
				ALWAYS_SEARCH_USER_PATHS = NO;
				ASSETCATALOG_COMPILER_GENERATE_SWIFT_ASSET_SYMBOL_EXTENSIONS = YES;
				CLANG_ANALYZER_NONNULL = YES;
				CLANG_ANALYZER_NUMBER_OBJECT_CONVERSION = YES_AGGRESSIVE;
				CLANG_CXX_LANGUAGE_STANDARD = "gnu++20";
				CLANG_ENABLE_MODULES = YES;
				CLANG_ENABLE_OBJC_ARC = YES;
				CLANG_ENABLE_OBJC_WEAK = YES;
				CLANG_WARN_BLOCK_CAPTURE_AUTORELEASING = YES;
				CLANG_WARN_BOOL_CONVERSION = YES;
				CLANG_WARN_COMMA = YES;
				CLANG_WARN_CONSTANT_CONVERSION = YES;
				CLANG_WARN_DEPRECATED_OBJC_IMPLEMENTATIONS = YES;
				CLANG_WARN_DIRECT_OBJC_ISA_USAGE = YES_ERROR;
				CLANG_WARN_DOCUMENTATION_COMMENTS = YES;
				CLANG_WARN_EMPTY_BODY = YES;
				CLANG_WARN_ENUM_CONVERSION = YES;
				CLANG_WARN_INFINITE_RECURSION = YES;
				CLANG_WARN_INT_CONVERSION = YES;
				CLANG_WARN_NON_LITERAL_NULL_CONVERSION = YES;
				CLANG_WARN_OBJC_IMPLICIT_RETAIN_SELF = YES;
				CLANG_WARN_OBJC_LITERAL_CONVERSION = YES;
				CLANG_WARN_OBJC_ROOT_CLASS = YES_ERROR;
				CLANG_WARN_QUOTED_INCLUDE_IN_FRAMEWORK_HEADER = YES;
				CLANG_WARN_RANGE_LOOP_ANALYSIS = YES;
				CLANG_WARN_STRICT_PROTOTYPES = YES;
				CLANG_WARN_SUSPICIOUS_MOVE = YES;
				CLANG_WARN_UNGUARDED_AVAILABILITY = YES_AGGRESSIVE;
				CLANG_WARN_UNREACHABLE_CODE = YES;
				CLANG_WARN__DUPLICATE_METHOD_MATCH = YES;
				COPY_PHASE_STRIP = NO;
				DEBUG_INFORMATION_FORMAT = "dwarf-with-dsym";
				ENABLE_NS_ASSERTIONS = NO;
				ENABLE_STRICT_OBJC_MSGSEND = YES;
				ENABLE_USER_SCRIPT_SANDBOXING = YES;
				GCC_C_LANGUAGE_STANDARD = gnu17;
				GCC_NO_COMMON_BLOCKS = YES;
				GCC_WARN_64_TO_32_BIT_CONVERSION = YES;
				GCC_WARN_ABOUT_RETURN_TYPE = YES_ERROR;
				GCC_WARN_UNDECLARED_SELECTOR = YES;
				GCC_WARN_UNINITIALIZED_AUTOS = YES_AGGRESSIVE;
				GCC_WARN_UNUSED_FUNCTION = YES;
				GCC_WARN_UNUSED_VARIABLE = YES;
				IPHONEOS_DEPLOYMENT_TARGET = 17.0;
				LOCALIZATION_PREFERS_STRING_CATALOGS = YES;
				MTL_ENABLE_DEBUG_INFO = NO;
				MTL_FAST_MATH = YES;
				SDKROOT = iphoneos;
				SWIFT_COMPILATION_MODE = wholemodule;
				VALIDATE_PRODUCT = YES;
			};
			name = Release;
		};
		5E7E9E582AE07A27005CB463 /* Debug */ = {
			isa = XCBuildConfiguration;
			buildSettings = {
				ASSETCATALOG_COMPILER_APPICON_NAME = AppIcon;
				ASSETCATALOG_COMPILER_GLOBAL_ACCENT_COLOR_NAME = AccentColor;
				CODE_SIGN_STYLE = Automatic;
				CURRENT_PROJECT_VERSION = 1;
				DEVELOPMENT_ASSET_PATHS = "\"Memorize-Stanford-CS193p-2023/Preview Content\"";
				DEVELOPMENT_TEAM = LGVM9RAH4N;
				ENABLE_PREVIEWS = YES;
				GENERATE_INFOPLIST_FILE = YES;
				INFOPLIST_KEY_UIApplicationSceneManifest_Generation = YES;
				INFOPLIST_KEY_UIApplicationSupportsIndirectInputEvents = YES;
				INFOPLIST_KEY_UILaunchScreen_Generation = YES;
				INFOPLIST_KEY_UISupportedInterfaceOrientations_iPad = "UIInterfaceOrientationPortrait UIInterfaceOrientationPortraitUpsideDown UIInterfaceOrientationLandscapeLeft UIInterfaceOrientationLandscapeRight";
				INFOPLIST_KEY_UISupportedInterfaceOrientations_iPhone = "UIInterfaceOrientationPortrait UIInterfaceOrientationLandscapeLeft UIInterfaceOrientationLandscapeRight";
				LD_RUNPATH_SEARCH_PATHS = (
					"$(inherited)",
					"@executable_path/Frameworks",
				);
				MARKETING_VERSION = 1.0;
				PRODUCT_BUNDLE_IDENTIFIER = "com.lgreydev.Memorize-Stanford-CS193p-2023";
				PRODUCT_NAME = "$(TARGET_NAME)";
				SWIFT_EMIT_LOC_STRINGS = YES;
				SWIFT_VERSION = 5.0;
				TARGETED_DEVICE_FAMILY = "1,2";
			};
			name = Debug;
		};
		5E7E9E592AE07A27005CB463 /* Release */ = {
			isa = XCBuildConfiguration;
			buildSettings = {
				ASSETCATALOG_COMPILER_APPICON_NAME = AppIcon;
				ASSETCATALOG_COMPILER_GLOBAL_ACCENT_COLOR_NAME = AccentColor;
				CODE_SIGN_STYLE = Automatic;
				CURRENT_PROJECT_VERSION = 1;
				DEVELOPMENT_ASSET_PATHS = "\"Memorize-Stanford-CS193p-2023/Preview Content\"";
				DEVELOPMENT_TEAM = LGVM9RAH4N;
				ENABLE_PREVIEWS = YES;
				GENERATE_INFOPLIST_FILE = YES;
				INFOPLIST_KEY_UIApplicationSceneManifest_Generation = YES;
				INFOPLIST_KEY_UIApplicationSupportsIndirectInputEvents = YES;
				INFOPLIST_KEY_UILaunchScreen_Generation = YES;
				INFOPLIST_KEY_UISupportedInterfaceOrientations_iPad = "UIInterfaceOrientationPortrait UIInterfaceOrientationPortraitUpsideDown UIInterfaceOrientationLandscapeLeft UIInterfaceOrientationLandscapeRight";
				INFOPLIST_KEY_UISupportedInterfaceOrientations_iPhone = "UIInterfaceOrientationPortrait UIInterfaceOrientationLandscapeLeft UIInterfaceOrientationLandscapeRight";
				LD_RUNPATH_SEARCH_PATHS = (
					"$(inherited)",
					"@executable_path/Frameworks",
				);
				MARKETING_VERSION = 1.0;
				PRODUCT_BUNDLE_IDENTIFIER = "com.lgreydev.Memorize-Stanford-CS193p-2023";
				PRODUCT_NAME = "$(TARGET_NAME)";
				SWIFT_EMIT_LOC_STRINGS = YES;
				SWIFT_VERSION = 5.0;
				TARGETED_DEVICE_FAMILY = "1,2";
			};
			name = Release;
		};
/* End XCBuildConfiguration section */

/* Begin XCConfigurationList section */
		5E7E9E442AE07A26005CB463 /* Build configuration list for PBXProject "Memorize-Stanford-CS193p-2023" */ = {
			isa = XCConfigurationList;
			buildConfigurations = (
				5E7E9E552AE07A27005CB463 /* Debug */,
				5E7E9E562AE07A27005CB463 /* Release */,
			);
			defaultConfigurationIsVisible = 0;
			defaultConfigurationName = Release;
		};
		5E7E9E572AE07A27005CB463 /* Build configuration list for PBXNativeTarget "Memorize-Stanford-CS193p-2023" */ = {
			isa = XCConfigurationList;
			buildConfigurations = (
				5E7E9E582AE07A27005CB463 /* Debug */,
				5E7E9E592AE07A27005CB463 /* Release */,
			);
			defaultConfigurationIsVisible = 0;
			defaultConfigurationName = Release;
		};
/* End XCConfigurationList section */
	};
	rootObject = 5E7E9E412AE07A26005CB463 /* Project object */;
}
